// !$*UTF8*$!
{
	archiveVersion = 1;
	classes = {
	};
	objectVersion = 50;
	objects = {

/* Begin PBXBuildFile section */
		EE568A8D22C1843500F2AB13 /* AppDelegate.swift in Sources */ = {isa = PBXBuildFile; fileRef = EE568A8C22C1843500F2AB13 /* AppDelegate.swift */; };
		EE568A8F22C1843500F2AB13 /* ViewController.swift in Sources */ = {isa = PBXBuildFile; fileRef = EE568A8E22C1843500F2AB13 /* ViewController.swift */; };
		EE568A9222C1843500F2AB13 /* Main.storyboard in Resources */ = {isa = PBXBuildFile; fileRef = EE568A9022C1843500F2AB13 /* Main.storyboard */; };
		EE568A9422C1843700F2AB13 /* Assets.xcassets in Resources */ = {isa = PBXBuildFile; fileRef = EE568A9322C1843700F2AB13 /* Assets.xcassets */; };
		EE568A9722C1843700F2AB13 /* LaunchScreen.storyboard in Resources */ = {isa = PBXBuildFile; fileRef = EE568A9522C1843700F2AB13 /* LaunchScreen.storyboard */; };
		EE568AA222C1843800F2AB13 /* TwoDegreesAppTests.swift in Sources */ = {isa = PBXBuildFile; fileRef = EE568AA122C1843800F2AB13 /* TwoDegreesAppTests.swift */; };
		EE568AAD22C1843800F2AB13 /* TwoDegreesAppUITests.swift in Sources */ = {isa = PBXBuildFile; fileRef = EE568AAC22C1843800F2AB13 /* TwoDegreesAppUITests.swift */; };
/* End PBXBuildFile section */

/* Begin PBXContainerItemProxy section */
		EE568A9E22C1843800F2AB13 /* PBXContainerItemProxy */ = {
			isa = PBXContainerItemProxy;
			containerPortal = EE568A8122C1843500F2AB13 /* Project object */;
			proxyType = 1;
			remoteGlobalIDString = EE568A8822C1843500F2AB13;
			remoteInfo = TwoDegreesApp;
		};
		EE568AA922C1843800F2AB13 /* PBXContainerItemProxy */ = {
			isa = PBXContainerItemProxy;
			containerPortal = EE568A8122C1843500F2AB13 /* Project object */;
			proxyType = 1;
			remoteGlobalIDString = EE568A8822C1843500F2AB13;
			remoteInfo = TwoDegreesApp;
		};
/* End PBXContainerItemProxy section */

/* Begin PBXFileReference section */
		EE568A8922C1843500F2AB13 /* TwoDegreesApp.app */ = {isa = PBXFileReference; explicitFileType = wrapper.application; includeInIndex = 0; path = TwoDegreesApp.app; sourceTree = BUILT_PRODUCTS_DIR; };
		EE568A8C22C1843500F2AB13 /* AppDelegate.swift */ = {isa = PBXFileReference; lastKnownFileType = sourcecode.swift; path = AppDelegate.swift; sourceTree = "<group>"; };
		EE568A8E22C1843500F2AB13 /* ViewController.swift */ = {isa = PBXFileReference; lastKnownFileType = sourcecode.swift; path = ViewController.swift; sourceTree = "<group>"; };
		EE568A9122C1843500F2AB13 /* Base */ = {isa = PBXFileReference; lastKnownFileType = file.storyboard; name = Base; path = Base.lproj/Main.storyboard; sourceTree = "<group>"; };
		EE568A9322C1843700F2AB13 /* Assets.xcassets */ = {isa = PBXFileReference; lastKnownFileType = folder.assetcatalog; path = Assets.xcassets; sourceTree = "<group>"; };
		EE568A9622C1843700F2AB13 /* Base */ = {isa = PBXFileReference; lastKnownFileType = file.storyboard; name = Base; path = Base.lproj/LaunchScreen.storyboard; sourceTree = "<group>"; };
		EE568A9822C1843700F2AB13 /* Info.plist */ = {isa = PBXFileReference; lastKnownFileType = text.plist.xml; path = Info.plist; sourceTree = "<group>"; };
		EE568A9D22C1843800F2AB13 /* TwoDegreesAppTests.xctest */ = {isa = PBXFileReference; explicitFileType = wrapper.cfbundle; includeInIndex = 0; path = TwoDegreesAppTests.xctest; sourceTree = BUILT_PRODUCTS_DIR; };
		EE568AA122C1843800F2AB13 /* TwoDegreesAppTests.swift */ = {isa = PBXFileReference; lastKnownFileType = sourcecode.swift; path = TwoDegreesAppTests.swift; sourceTree = "<group>"; };
		EE568AA322C1843800F2AB13 /* Info.plist */ = {isa = PBXFileReference; lastKnownFileType = text.plist.xml; path = Info.plist; sourceTree = "<group>"; };
		EE568AA822C1843800F2AB13 /* TwoDegreesAppUITests.xctest */ = {isa = PBXFileReference; explicitFileType = wrapper.cfbundle; includeInIndex = 0; path = TwoDegreesAppUITests.xctest; sourceTree = BUILT_PRODUCTS_DIR; };
		EE568AAC22C1843800F2AB13 /* TwoDegreesAppUITests.swift */ = {isa = PBXFileReference; lastKnownFileType = sourcecode.swift; path = TwoDegreesAppUITests.swift; sourceTree = "<group>"; };
		EE568AAE22C1843800F2AB13 /* Info.plist */ = {isa = PBXFileReference; lastKnownFileType = text.plist.xml; path = Info.plist; sourceTree = "<group>"; };
/* End PBXFileReference section */

/* Begin PBXFrameworksBuildPhase section */
		EE568A8622C1843500F2AB13 /* Frameworks */ = {
			isa = PBXFrameworksBuildPhase;
			buildActionMask = 2147483647;
			files = (
			);
			runOnlyForDeploymentPostprocessing = 0;
		};
		EE568A9A22C1843800F2AB13 /* Frameworks */ = {
			isa = PBXFrameworksBuildPhase;
			buildActionMask = 2147483647;
			files = (
			);
			runOnlyForDeploymentPostprocessing = 0;
		};
		EE568AA522C1843800F2AB13 /* Frameworks */ = {
			isa = PBXFrameworksBuildPhase;
			buildActionMask = 2147483647;
			files = (
			);
			runOnlyForDeploymentPostprocessing = 0;
		};
/* End PBXFrameworksBuildPhase section */

/* Begin PBXGroup section */
		EE568A8022C1843500F2AB13 = {
			isa = PBXGroup;
			children = (
				EE568A8B22C1843500F2AB13 /* TwoDegreesApp */,
				EE568AA022C1843800F2AB13 /* TwoDegreesAppTests */,
				EE568AAB22C1843800F2AB13 /* TwoDegreesAppUITests */,
				EE568A8A22C1843500F2AB13 /* Products */,
			);
			sourceTree = "<group>";
		};
		EE568A8A22C1843500F2AB13 /* Products */ = {
			isa = PBXGroup;
			children = (
				EE568A8922C1843500F2AB13 /* TwoDegreesApp.app */,
				EE568A9D22C1843800F2AB13 /* TwoDegreesAppTests.xctest */,
				EE568AA822C1843800F2AB13 /* TwoDegreesAppUITests.xctest */,
			);
			name = Products;
			sourceTree = "<group>";
		};
		EE568A8B22C1843500F2AB13 /* TwoDegreesApp */ = {
			isa = PBXGroup;
			children = (
				EE568A8C22C1843500F2AB13 /* AppDelegate.swift */,
				EE568A8E22C1843500F2AB13 /* ViewController.swift */,
				EE568A9022C1843500F2AB13 /* Main.storyboard */,
				EE568A9322C1843700F2AB13 /* Assets.xcassets */,
				EE568A9522C1843700F2AB13 /* LaunchScreen.storyboard */,
				EE568A9822C1843700F2AB13 /* Info.plist */,
			);
			path = TwoDegreesApp;
			sourceTree = "<group>";
		};
		EE568AA022C1843800F2AB13 /* TwoDegreesAppTests */ = {
			isa = PBXGroup;
			children = (
				EE568AA122C1843800F2AB13 /* TwoDegreesAppTests.swift */,
				EE568AA322C1843800F2AB13 /* Info.plist */,
			);
			path = TwoDegreesAppTests;
			sourceTree = "<group>";
		};
		EE568AAB22C1843800F2AB13 /* TwoDegreesAppUITests */ = {
			isa = PBXGroup;
			children = (
				EE568AAC22C1843800F2AB13 /* TwoDegreesAppUITests.swift */,
				EE568AAE22C1843800F2AB13 /* Info.plist */,
			);
			path = TwoDegreesAppUITests;
			sourceTree = "<group>";
		};
/* End PBXGroup section */

/* Begin PBXNativeTarget section */
		EE568A8822C1843500F2AB13 /* TwoDegreesApp */ = {
			isa = PBXNativeTarget;
			buildConfigurationList = EE568AB122C1843800F2AB13 /* Build configuration list for PBXNativeTarget "TwoDegreesApp" */;
			buildPhases = (
				EE568A8522C1843500F2AB13 /* Sources */,
				EE568A8622C1843500F2AB13 /* Frameworks */,
				EE568A8722C1843500F2AB13 /* Resources */,
			);
			buildRules = (
			);
			dependencies = (
			);
			name = TwoDegreesApp;
			productName = TwoDegreesApp;
			productReference = EE568A8922C1843500F2AB13 /* TwoDegreesApp.app */;
			productType = "com.apple.product-type.application";
		};
		EE568A9C22C1843800F2AB13 /* TwoDegreesAppTests */ = {
			isa = PBXNativeTarget;
			buildConfigurationList = EE568AB422C1843800F2AB13 /* Build configuration list for PBXNativeTarget "TwoDegreesAppTests" */;
			buildPhases = (
				EE568A9922C1843800F2AB13 /* Sources */,
				EE568A9A22C1843800F2AB13 /* Frameworks */,
				EE568A9B22C1843800F2AB13 /* Resources */,
			);
			buildRules = (
			);
			dependencies = (
				EE568A9F22C1843800F2AB13 /* PBXTargetDependency */,
			);
			name = TwoDegreesAppTests;
			productName = TwoDegreesAppTests;
			productReference = EE568A9D22C1843800F2AB13 /* TwoDegreesAppTests.xctest */;
			productType = "com.apple.product-type.bundle.unit-test";
		};
		EE568AA722C1843800F2AB13 /* TwoDegreesAppUITests */ = {
			isa = PBXNativeTarget;
			buildConfigurationList = EE568AB722C1843800F2AB13 /* Build configuration list for PBXNativeTarget "TwoDegreesAppUITests" */;
			buildPhases = (
				EE568AA422C1843800F2AB13 /* Sources */,
				EE568AA522C1843800F2AB13 /* Frameworks */,
				EE568AA622C1843800F2AB13 /* Resources */,
			);
			buildRules = (
			);
			dependencies = (
				EE568AAA22C1843800F2AB13 /* PBXTargetDependency */,
			);
			name = TwoDegreesAppUITests;
			productName = TwoDegreesAppUITests;
			productReference = EE568AA822C1843800F2AB13 /* TwoDegreesAppUITests.xctest */;
			productType = "com.apple.product-type.bundle.ui-testing";
		};
/* End PBXNativeTarget section */

/* Begin PBXProject section */
		EE568A8122C1843500F2AB13 /* Project object */ = {
			isa = PBXProject;
			attributes = {
				LastSwiftUpdateCheck = 1010;
				LastUpgradeCheck = 1010;
				ORGANIZATIONNAME = "Henry Zhu";
				TargetAttributes = {
					EE568A8822C1843500F2AB13 = {
						CreatedOnToolsVersion = 10.1;
					};
					EE568A9C22C1843800F2AB13 = {
						CreatedOnToolsVersion = 10.1;
						TestTargetID = EE568A8822C1843500F2AB13;
					};
					EE568AA722C1843800F2AB13 = {
						CreatedOnToolsVersion = 10.1;
						TestTargetID = EE568A8822C1843500F2AB13;
					};
				};
			};
			buildConfigurationList = EE568A8422C1843500F2AB13 /* Build configuration list for PBXProject "TwoDegreesApp" */;
			compatibilityVersion = "Xcode 9.3";
			developmentRegion = en;
			hasScannedForEncodings = 0;
			knownRegions = (
				en,
				Base,
			);
			mainGroup = EE568A8022C1843500F2AB13;
			productRefGroup = EE568A8A22C1843500F2AB13 /* Products */;
			projectDirPath = "";
			projectRoot = "";
			targets = (
				EE568A8822C1843500F2AB13 /* TwoDegreesApp */,
				EE568A9C22C1843800F2AB13 /* TwoDegreesAppTests */,
				EE568AA722C1843800F2AB13 /* TwoDegreesAppUITests */,
			);
		};
/* End PBXProject section */

/* Begin PBXResourcesBuildPhase section */
		EE568A8722C1843500F2AB13 /* Resources */ = {
			isa = PBXResourcesBuildPhase;
			buildActionMask = 2147483647;
			files = (
				EE568A9722C1843700F2AB13 /* LaunchScreen.storyboard in Resources */,
				EE568A9422C1843700F2AB13 /* Assets.xcassets in Resources */,
				EE568A9222C1843500F2AB13 /* Main.storyboard in Resources */,
			);
			runOnlyForDeploymentPostprocessing = 0;
		};
		EE568A9B22C1843800F2AB13 /* Resources */ = {
			isa = PBXResourcesBuildPhase;
			buildActionMask = 2147483647;
			files = (
			);
			runOnlyForDeploymentPostprocessing = 0;
		};
		EE568AA622C1843800F2AB13 /* Resources */ = {
			isa = PBXResourcesBuildPhase;
			buildActionMask = 2147483647;
			files = (
			);
			runOnlyForDeploymentPostprocessing = 0;
		};
/* End PBXResourcesBuildPhase section */

/* Begin PBXSourcesBuildPhase section */
		EE568A8522C1843500F2AB13 /* Sources */ = {
			isa = PBXSourcesBuildPhase;
			buildActionMask = 2147483647;
			files = (
				EE568A8F22C1843500F2AB13 /* ViewController.swift in Sources */,
				EE568A8D22C1843500F2AB13 /* AppDelegate.swift in Sources */,
			);
			runOnlyForDeploymentPostprocessing = 0;
		};
		EE568A9922C1843800F2AB13 /* Sources */ = {
			isa = PBXSourcesBuildPhase;
			buildActionMask = 2147483647;
			files = (
				EE568AA222C1843800F2AB13 /* TwoDegreesAppTests.swift in Sources */,
			);
			runOnlyForDeploymentPostprocessing = 0;
		};
		EE568AA422C1843800F2AB13 /* Sources */ = {
			isa = PBXSourcesBuildPhase;
			buildActionMask = 2147483647;
			files = (
				EE568AAD22C1843800F2AB13 /* TwoDegreesAppUITests.swift in Sources */,
			);
			runOnlyForDeploymentPostprocessing = 0;
		};
/* End PBXSourcesBuildPhase section */

/* Begin PBXTargetDependency section */
		EE568A9F22C1843800F2AB13 /* PBXTargetDependency */ = {
			isa = PBXTargetDependency;
			target = EE568A8822C1843500F2AB13 /* TwoDegreesApp */;
			targetProxy = EE568A9E22C1843800F2AB13 /* PBXContainerItemProxy */;
		};
		EE568AAA22C1843800F2AB13 /* PBXTargetDependency */ = {
			isa = PBXTargetDependency;
			target = EE568A8822C1843500F2AB13 /* TwoDegreesApp */;
			targetProxy = EE568AA922C1843800F2AB13 /* PBXContainerItemProxy */;
		};
/* End PBXTargetDependency section */

/* Begin PBXVariantGroup section */
		EE568A9022C1843500F2AB13 /* Main.storyboard */ = {
			isa = PBXVariantGroup;
			children = (
				EE568A9122C1843500F2AB13 /* Base */,
			);
			name = Main.storyboard;
			sourceTree = "<group>";
		};
		EE568A9522C1843700F2AB13 /* LaunchScreen.storyboard */ = {
			isa = PBXVariantGroup;
			children = (
				EE568A9622C1843700F2AB13 /* Base */,
			);
			name = LaunchScreen.storyboard;
			sourceTree = "<group>";
		};
/* End PBXVariantGroup section */

/* Begin XCBuildConfiguration section */
		EE568AAF22C1843800F2AB13 /* Debug */ = {
			isa = XCBuildConfiguration;
			buildSettings = {
				ALWAYS_SEARCH_USER_PATHS = NO;
				CLANG_ANALYZER_NONNULL = YES;
				CLANG_ANALYZER_NUMBER_OBJECT_CONVERSION = YES_AGGRESSIVE;
				CLANG_CXX_LANGUAGE_STANDARD = "gnu++14";
				CLANG_CXX_LIBRARY = "libc++";
				CLANG_ENABLE_MODULES = YES;
				CLANG_ENABLE_OBJC_ARC = YES;
				CLANG_ENABLE_OBJC_WEAK = YES;
				CLANG_WARN_BLOCK_CAPTURE_AUTORELEASING = YES;
				CLANG_WARN_BOOL_CONVERSION = YES;
				CLANG_WARN_COMMA = YES;
				CLANG_WARN_CONSTANT_CONVERSION = YES;
				CLANG_WARN_DEPRECATED_OBJC_IMPLEMENTATIONS = YES;
				CLANG_WARN_DIRECT_OBJC_ISA_USAGE = YES_ERROR;
				CLANG_WARN_DOCUMENTATION_COMMENTS = YES;
				CLANG_WARN_EMPTY_BODY = YES;
				CLANG_WARN_ENUM_CONVERSION = YES;
				CLANG_WARN_INFINITE_RECURSION = YES;
				CLANG_WARN_INT_CONVERSION = YES;
				CLANG_WARN_NON_LITERAL_NULL_CONVERSION = YES;
				CLANG_WARN_OBJC_IMPLICIT_RETAIN_SELF = YES;
				CLANG_WARN_OBJC_LITERAL_CONVERSION = YES;
				CLANG_WARN_OBJC_ROOT_CLASS = YES_ERROR;
				CLANG_WARN_RANGE_LOOP_ANALYSIS = YES;
				CLANG_WARN_STRICT_PROTOTYPES = YES;
				CLANG_WARN_SUSPICIOUS_MOVE = YES;
				CLANG_WARN_UNGUARDED_AVAILABILITY = YES_AGGRESSIVE;
				CLANG_WARN_UNREACHABLE_CODE = YES;
				CLANG_WARN__DUPLICATE_METHOD_MATCH = YES;
				CODE_SIGN_IDENTITY = "iPhone Developer";
				COPY_PHASE_STRIP = NO;
				DEBUG_INFORMATION_FORMAT = dwarf;
				ENABLE_STRICT_OBJC_MSGSEND = YES;
				ENABLE_TESTABILITY = YES;
				GCC_C_LANGUAGE_STANDARD = gnu11;
				GCC_DYNAMIC_NO_PIC = NO;
				GCC_NO_COMMON_BLOCKS = YES;
				GCC_OPTIMIZATION_LEVEL = 0;
				GCC_PREPROCESSOR_DEFINITIONS = (
					"DEBUG=1",
					"$(inherited)",
				);
				GCC_WARN_64_TO_32_BIT_CONVERSION = YES;
				GCC_WARN_ABOUT_RETURN_TYPE = YES_ERROR;
				GCC_WARN_UNDECLARED_SELECTOR = YES;
				GCC_WARN_UNINITIALIZED_AUTOS = YES_AGGRESSIVE;
				GCC_WARN_UNUSED_FUNCTION = YES;
				GCC_WARN_UNUSED_VARIABLE = YES;
				IPHONEOS_DEPLOYMENT_TARGET = 12.1;
				MTL_ENABLE_DEBUG_INFO = INCLUDE_SOURCE;
				MTL_FAST_MATH = YES;
				ONLY_ACTIVE_ARCH = YES;
				SDKROOT = iphoneos;
				SWIFT_ACTIVE_COMPILATION_CONDITIONS = DEBUG;
				SWIFT_OPTIMIZATION_LEVEL = "-Onone";
			};
			name = Debug;
		};
		EE568AB022C1843800F2AB13 /* Release */ = {
			isa = XCBuildConfiguration;
			buildSettings = {
				ALWAYS_SEARCH_USER_PATHS = NO;
				CLANG_ANALYZER_NONNULL = YES;
				CLANG_ANALYZER_NUMBER_OBJECT_CONVERSION = YES_AGGRESSIVE;
				CLANG_CXX_LANGUAGE_STANDARD = "gnu++14";
				CLANG_CXX_LIBRARY = "libc++";
				CLANG_ENABLE_MODULES = YES;
				CLANG_ENABLE_OBJC_ARC = YES;
				CLANG_ENABLE_OBJC_WEAK = YES;
				CLANG_WARN_BLOCK_CAPTURE_AUTORELEASING = YES;
				CLANG_WARN_BOOL_CONVERSION = YES;
				CLANG_WARN_COMMA = YES;
				CLANG_WARN_CONSTANT_CONVERSION = YES;
				CLANG_WARN_DEPRECATED_OBJC_IMPLEMENTATIONS = YES;
				CLANG_WARN_DIRECT_OBJC_ISA_USAGE = YES_ERROR;
				CLANG_WARN_DOCUMENTATION_COMMENTS = YES;
				CLANG_WARN_EMPTY_BODY = YES;
				CLANG_WARN_ENUM_CONVERSION = YES;
				CLANG_WARN_INFINITE_RECURSION = YES;
				CLANG_WARN_INT_CONVERSION = YES;
				CLANG_WARN_NON_LITERAL_NULL_CONVERSION = YES;
				CLANG_WARN_OBJC_IMPLICIT_RETAIN_SELF = YES;
				CLANG_WARN_OBJC_LITERAL_CONVERSION = YES;
				CLANG_WARN_OBJC_ROOT_CLASS = YES_ERROR;
				CLANG_WARN_RANGE_LOOP_ANALYSIS = YES;
				CLANG_WARN_STRICT_PROTOTYPES = YES;
				CLANG_WARN_SUSPICIOUS_MOVE = YES;
				CLANG_WARN_UNGUARDED_AVAILABILITY = YES_AGGRESSIVE;
				CLANG_WARN_UNREACHABLE_CODE = YES;
				CLANG_WARN__DUPLICATE_METHOD_MATCH = YES;
				CODE_SIGN_IDENTITY = "iPhone Developer";
				COPY_PHASE_STRIP = NO;
				DEBUG_INFORMATION_FORMAT = "dwarf-with-dsym";
				ENABLE_NS_ASSERTIONS = NO;
				ENABLE_STRICT_OBJC_MSGSEND = YES;
				GCC_C_LANGUAGE_STANDARD = gnu11;
				GCC_NO_COMMON_BLOCKS = YES;
				GCC_WARN_64_TO_32_BIT_CONVERSION = YES;
				GCC_WARN_ABOUT_RETURN_TYPE = YES_ERROR;
				GCC_WARN_UNDECLARED_SELECTOR = YES;
				GCC_WARN_UNINITIALIZED_AUTOS = YES_AGGRESSIVE;
				GCC_WARN_UNUSED_FUNCTION = YES;
				GCC_WARN_UNUSED_VARIABLE = YES;
				IPHONEOS_DEPLOYMENT_TARGET = 12.1;
				MTL_ENABLE_DEBUG_INFO = NO;
				MTL_FAST_MATH = YES;
				SDKROOT = iphoneos;
				SWIFT_COMPILATION_MODE = wholemodule;
				SWIFT_OPTIMIZATION_LEVEL = "-O";
				VALIDATE_PRODUCT = YES;
			};
			name = Release;
		};
		EE568AB222C1843800F2AB13 /* Debug */ = {
			isa = XCBuildConfiguration;
			buildSettings = {
				ASSETCATALOG_COMPILER_APPICON_NAME = AppIcon;
				CODE_SIGN_STYLE = Automatic;
				DEVELOPMENT_TEAM = DCNV7H798D;
				INFOPLIST_FILE = TwoDegreesApp/Info.plist;
				LD_RUNPATH_SEARCH_PATHS = (
					"$(inherited)",
					"@executable_path/Frameworks",
				);
				PRODUCT_BUNDLE_IDENTIFIER = MVP.TwoDegreesApp;
				PRODUCT_NAME = "$(TARGET_NAME)";
				SWIFT_VERSION = 4.2;
				TARGETED_DEVICE_FAMILY = "1,2";
			};
			name = Debug;
		};
		EE568AB322C1843800F2AB13 /* Release */ = {
			isa = XCBuildConfiguration;
			buildSettings = {
				ASSETCATALOG_COMPILER_APPICON_NAME = AppIcon;
				CODE_SIGN_STYLE = Automatic;
				DEVELOPMENT_TEAM = DCNV7H798D;
				INFOPLIST_FILE = TwoDegreesApp/Info.plist;
				LD_RUNPATH_SEARCH_PATHS = (
					"$(inherited)",
					"@executable_path/Frameworks",
				);
				PRODUCT_BUNDLE_IDENTIFIER = MVP.TwoDegreesApp;
				PRODUCT_NAME = "$(TARGET_NAME)";
				SWIFT_VERSION = 4.2;
				TARGETED_DEVICE_FAMILY = "1,2";
			};
			name = Release;
		};
		EE568AB522C1843800F2AB13 /* Debug */ = {
			isa = XCBuildConfiguration;
			buildSettings = {
				ALWAYS_EMBED_SWIFT_STANDARD_LIBRARIES = YES;
				BUNDLE_LOADER = "$(TEST_HOST)";
				CODE_SIGN_STYLE = Automatic;
				DEVELOPMENT_TEAM = DCNV7H798D;
				INFOPLIST_FILE = TwoDegreesAppTests/Info.plist;
				LD_RUNPATH_SEARCH_PATHS = (
					"$(inherited)",
					"@executable_path/Frameworks",
					"@loader_path/Frameworks",
				);
				PRODUCT_BUNDLE_IDENTIFIER = MVP.TwoDegreesAppTests;
				PRODUCT_NAME = "$(TARGET_NAME)";
				SWIFT_VERSION = 4.2;
				TARGETED_DEVICE_FAMILY = "1,2";
				TEST_HOST = "$(BUILT_PRODUCTS_DIR)/TwoDegreesApp.app/TwoDegreesApp";
			};
			name = Debug;
		};
		EE568AB622C1843800F2AB13 /* Release */ = {
			isa = XCBuildConfiguration;
			buildSettings = {
				ALWAYS_EMBED_SWIFT_STANDARD_LIBRARIES = YES;
				BUNDLE_LOADER = "$(TEST_HOST)";
				CODE_SIGN_STYLE = Automatic;
				DEVELOPMENT_TEAM = DCNV7H798D;
				INFOPLIST_FILE = TwoDegreesAppTests/Info.plist;
				LD_RUNPATH_SEARCH_PATHS = (
					"$(inherited)",
					"@executable_path/Frameworks",
					"@loader_path/Frameworks",
				);
				PRODUCT_BUNDLE_IDENTIFIER = MVP.TwoDegreesAppTests;
				PRODUCT_NAME = "$(TARGET_NAME)";
				SWIFT_VERSION = 4.2;
				TARGETED_DEVICE_FAMILY = "1,2";
				TEST_HOST = "$(BUILT_PRODUCTS_DIR)/TwoDegreesApp.app/TwoDegreesApp";
			};
			name = Release;
		};
		EE568AB822C1843800F2AB13 /* Debug */ = {
			isa = XCBuildConfiguration;
			buildSettings = {
				ALWAYS_EMBED_SWIFT_STANDARD_LIBRARIES = YES;
				CODE_SIGN_STYLE = Automatic;
				DEVELOPMENT_TEAM = DCNV7H798D;
				INFOPLIST_FILE = TwoDegreesAppUITests/Info.plist;
				LD_RUNPATH_SEARCH_PATHS = (
					"$(inherited)",
					"@executable_path/Frameworks",
					"@loader_path/Frameworks",
				);
				PRODUCT_BUNDLE_IDENTIFIER = MVP.TwoDegreesAppUITests;
				PRODUCT_NAME = "$(TARGET_NAME)";
				SWIFT_VERSION = 4.2;
				TARGETED_DEVICE_FAMILY = "1,2";
				TEST_TARGET_NAME = TwoDegreesApp;
			};
			name = Debug;
		};
		EE568AB922C1843800F2AB13 /* Release */ = {
			isa = XCBuildConfiguration;
			buildSettings = {
				ALWAYS_EMBED_SWIFT_STANDARD_LIBRARIES = YES;
				CODE_SIGN_STYLE = Automatic;
				DEVELOPMENT_TEAM = DCNV7H798D;
				INFOPLIST_FILE = TwoDegreesAppUITests/Info.plist;
				LD_RUNPATH_SEARCH_PATHS = (
					"$(inherited)",
					"@executable_path/Frameworks",
					"@loader_path/Frameworks",
				);
				PRODUCT_BUNDLE_IDENTIFIER = MVP.TwoDegreesAppUITests;
				PRODUCT_NAME = "$(TARGET_NAME)";
				SWIFT_VERSION = 4.2;
				TARGETED_DEVICE_FAMILY = "1,2";
				TEST_TARGET_NAME = TwoDegreesApp;
			};
			name = Release;
		};
/* End XCBuildConfiguration section */

/* Begin XCConfigurationList section */
		EE568A8422C1843500F2AB13 /* Build configuration list for PBXProject "TwoDegreesApp" */ = {
			isa = XCConfigurationList;
			buildConfigurations = (
				EE568AAF22C1843800F2AB13 /* Debug */,
				EE568AB022C1843800F2AB13 /* Release */,
			);
			defaultConfigurationIsVisible = 0;
			defaultConfigurationName = Release;
		};
		EE568AB122C1843800F2AB13 /* Build configuration list for PBXNativeTarget "TwoDegreesApp" */ = {
			isa = XCConfigurationList;
			buildConfigurations = (
				EE568AB222C1843800F2AB13 /* Debug */,
				EE568AB322C1843800F2AB13 /* Release */,
			);
			defaultConfigurationIsVisible = 0;
			defaultConfigurationName = Release;
		};
		EE568AB422C1843800F2AB13 /* Build configuration list for PBXNativeTarget "TwoDegreesAppTests" */ = {
			isa = XCConfigurationList;
			buildConfigurations = (
				EE568AB522C1843800F2AB13 /* Debug */,
				EE568AB622C1843800F2AB13 /* Release */,
			);
			defaultConfigurationIsVisible = 0;
			defaultConfigurationName = Release;
		};
		EE568AB722C1843800F2AB13 /* Build configuration list for PBXNativeTarget "TwoDegreesAppUITests" */ = {
			isa = XCConfigurationList;
			buildConfigurations = (
				EE568AB822C1843800F2AB13 /* Debug */,
				EE568AB922C1843800F2AB13 /* Release */,
			);
			defaultConfigurationIsVisible = 0;
			defaultConfigurationName = Release;
		};
/* End XCConfigurationList section */
	};
	rootObject = EE568A8122C1843500F2AB13 /* Project object */;
}
